Microsoft Visual Studio Solution File, Format Version 12.00
# Visual Studio Version 17
VisualStudioVersion = 17.0.31903.59
MinimumVisualStudioVersion = 10.0.40219.1
Project("{FAE04EC0-301F-11D3-BF4B-00C04F79EFBC}") = "SchemaForge.Domain", "core/SchemaForge.Domain/SchemaForge.Domain.csproj", "{E4F8D4F4-04A4-4B26-9134-761DBAC1A001}"
EndProject
Project("{FAE04EC0-301F-11D3-BF4B-00C04F79EFBC}") = "SchemaForge.Application", "core/SchemaForge.Application/SchemaForge.Application.csproj", "{E4F8D4F4-04A4-4B26-9134-761DBAC1A002}"
EndProject
Project("{FAE04EC0-301F-11D3-BF4B-00C04F79EFBC}") = "SchemaForge.Infrastructure", "core/SchemaForge.Infrastructure/SchemaForge.Infrastructure.csproj", "{E4F8D4F4-04A4-4B26-9134-761DBAC1A003}"
EndProject
Project("{FAE04EC0-301F-11D3-BF4B-00C04F79EFBC}") = "SchemaForge.Api", "core/SchemaForge.Api/SchemaForge.Api.csproj", "{E4F8D4F4-04A4-4B26-9134-761DBAC1A004}"
EndProject
Global
	GlobalSection(SolutionConfigurationPlatforms) = preSolution
		Debug|Any CPU = Debug|Any CPU
		Release|Any CPU = Release|Any CPU
	EndGlobalSection
	GlobalSection(ProjectConfigurationPlatforms) = postSolution
		{E4F8D4F4-04A4-4B26-9134-761DBAC1A001}.Debug|Any CPU.ActiveCfg = Debug|Any CPU
		{E4F8D4F4-04A4-4B26-9134-761DBAC1A001}.Debug|Any CPU.Build.0 = Debug|Any CPU
		{E4F8D4F4-04A4-4B26-9134-761DBAC1A001}.Release|Any CPU.ActiveCfg = Release|Any CPU
		{E4F8D4F4-04A4-4B26-9134-761DBAC1A001}.Release|Any CPU.Build.0 = Release|Any CPU
		{E4F8D4F4-04A4-4B26-9134-761DBAC1A002}.Debug|Any CPU.ActiveCfg = Debug|Any CPU
		{E4F8D4F4-04A4-4B26-9134-761DBAC1A002}.Debug|Any CPU.Build.0 = Debug|Any CPU
		{E4F8D4F4-04A4-4B26-9134-761DBAC1A002}.Release|Any CPU.ActiveCfg = Release|Any CPU
		{E4F8D4F4-04A4-4B26-9134-761DBAC1A002}.Release|Any CPU.Build.0 = Release|Any CPU
		{E4F8D4F4-04A4-4B26-9134-761DBAC1A003}.Debug|Any CPU.ActiveCfg = Debug|Any CPU
		{E4F8D4F4-04A4-4B26-9134-761DBAC1A003}.Debug|Any CPU.Build.0 = Debug|Any CPU
		{E4F8D4F4-04A4-4B26-9134-761DBAC1A003}.Release|Any CPU.ActiveCfg = Release|Any CPU
		{E4F8D4F4-04A4-4B26-9134-761DBAC1A003}.Release|Any CPU.Build.0 = Release|Any CPU
		{E4F8D4F4-04A4-4B26-9134-761DBAC1A004}.Debug|Any CPU.ActiveCfg = Debug|Any CPU
		{E4F8D4F4-04A4-4B26-9134-761DBAC1A004}.Debug|Any CPU.Build.0 = Debug|Any CPU
		{E4F8D4F4-04A4-4B26-9134-761DBAC1A004}.Release|Any CPU.ActiveCfg = Release|Any CPU
		{E4F8D4F4-04A4-4B26-9134-761DBAC1A004}.Release|Any CPU.Build.0 = Release|Any CPU
	EndGlobalSection
EndGlobal
